
Microsoft Visual Studio Solution File, Format Version 12.00
# Visual Studio Version 16
VisualStudioVersion = 16.0.30406.217
MinimumVisualStudioVersion = 10.0.40219.1
Project("{FAE04EC0-301F-11D3-BF4B-00C04F79EFBC}") = "VK_CORGI", "VK_CORGI\VK_CORGI.csproj", "{714F0FAE-2C7F-4898-BB2F-08F1D0E2A488}"
EndProject
Global
	GlobalSection(SolutionConfigurationPlatforms) = preSolution
		Debug|Any CPU = Debug|Any CPU
		Release|Any CPU = Release|Any CPU
	EndGlobalSection
	GlobalSection(ProjectConfigurationPlatforms) = postSolution
		{714F0FAE-2C7F-4898-BB2F-08F1D0E2A488}.Debug|Any CPU.ActiveCfg = Debug|Any CPU
		{714F0FAE-2C7F-4898-BB2F-08F1D0E2A488}.Debug|Any CPU.Build.0 = Debug|Any CPU
		{714F0FAE-2C7F-4898-BB2F-08F1D0E2A488}.Release|Any CPU.ActiveCfg = Release|Any CPU
		{714F0FAE-2C7F-4898-BB2F-08F1D0E2A488}.Release|Any CPU.Build.0 = Release|Any CPU
	EndGlobalSection
	GlobalSection(SolutionProperties) = preSolution
		HideSolutionNode = FALSE
	EndGlobalSection
	GlobalSection(ExtensibilityGlobals) = postSolution
		SolutionGuid = {3EAC3C78-DAEE-42AD-9600-CA694D15F3FA}
	EndGlobalSection
EndGlobal
